uuid: 105c8810-33f7-40e1-9ea2-c9f5a26fa180
langcode: fr
status: true
dependencies:
  config:
    - paragraphs.paragraphs_type.bp_block
  module:
    - content_translation
third_party_settings:
  content_translation:
    enabled: false
    bundle_settings:
      untranslatable_fields_hide: '0'
id: paragraph.bp_block
target_entity_type_id: paragraph
target_bundle: bp_block
default_langcode: site_default
language_alterable: false
